// !$*UTF8*$!
{
	archiveVersion = 1;
	classes = {
	};
	objectVersion = 46;
	objects = {

/* Begin PBXBuildFile section */
		3982745B1C946C9E00DD19A0 /* AppDelegate.swift in Sources */ = {isa = PBXBuildFile; fileRef = 3982745A1C946C9E00DD19A0 /* AppDelegate.swift */; };
		3982745D1C946C9E00DD19A0 /* ViewController.swift in Sources */ = {isa = PBXBuildFile; fileRef = 3982745C1C946C9E00DD19A0 /* ViewController.swift */; };
		398274601C946C9E00DD19A0 /* Main.storyboard in Resources */ = {isa = PBXBuildFile; fileRef = 3982745E1C946C9E00DD19A0 /* Main.storyboard */; };
		398274621C946C9E00DD19A0 /* Assets.xcassets in Resources */ = {isa = PBXBuildFile; fileRef = 398274611C946C9E00DD19A0 /* Assets.xcassets */; };
		398274651C946C9E00DD19A0 /* LaunchScreen.storyboard in Resources */ = {isa = PBXBuildFile; fileRef = 398274631C946C9E00DD19A0 /* LaunchScreen.storyboard */; };
		3982746D1C946E6B00DD19A0 /* MyTableViewCell.swift in Sources */ = {isa = PBXBuildFile; fileRef = 3982746C1C946E6B00DD19A0 /* MyTableViewCell.swift */; };
/* End PBXBuildFile section */

/* Begin PBXFileReference section */
		398274571C946C9D00DD19A0 /* My02_CustomizeUITableViewCell_Storyboard.app */ = {isa = PBXFileReference; explicitFileType = wrapper.application; includeInIndex = 0; path = My02_CustomizeUITableViewCell_Storyboard.app; sourceTree = BUILT_PRODUCTS_DIR; };
		3982745A1C946C9E00DD19A0 /* AppDelegate.swift */ = {isa = PBXFileReference; lastKnownFileType = sourcecode.swift; path = AppDelegate.swift; sourceTree = "<group>"; };
		3982745C1C946C9E00DD19A0 /* ViewController.swift */ = {isa = PBXFileReference; lastKnownFileType = sourcecode.swift; path = ViewController.swift; sourceTree = "<group>"; };
		3982745F1C946C9E00DD19A0 /* Base */ = {isa = PBXFileReference; lastKnownFileType = file.storyboard; name = Base; path = Base.lproj/Main.storyboard; sourceTree = "<group>"; };
		398274611C946C9E00DD19A0 /* Assets.xcassets */ = {isa = PBXFileReference; lastKnownFileType = folder.assetcatalog; path = Assets.xcassets; sourceTree = "<group>"; };
		398274641C946C9E00DD19A0 /* Base */ = {isa = PBXFileReference; lastKnownFileType = file.storyboard; name = Base; path = Base.lproj/LaunchScreen.storyboard; sourceTree = "<group>"; };
		398274661C946C9E00DD19A0 /* Info.plist */ = {isa = PBXFileReference; lastKnownFileType = text.plist.xml; path = Info.plist; sourceTree = "<group>"; };
		3982746C1C946E6B00DD19A0 /* MyTableViewCell.swift */ = {isa = PBXFileReference; fileEncoding = 4; lastKnownFileType = sourcecode.swift; path = MyTableViewCell.swift; sourceTree = "<group>"; };
/* End PBXFileReference section */

/* Begin PBXFrameworksBuildPhase section */
		398274541C946C9D00DD19A0 /* Frameworks */ = {
			isa = PBXFrameworksBuildPhase;
			buildActionMask = 2147483647;
			files = (
			);
			runOnlyForDeploymentPostprocessing = 0;
		};
/* End PBXFrameworksBuildPhase section */

/* Begin PBXGroup section */
		3982744E1C946C9D00DD19A0 = {
			isa = PBXGroup;
			children = (
				398274591C946C9E00DD19A0 /* My02_CustomizeUITableViewCell_Storyboard */,
				398274581C946C9D00DD19A0 /* Products */,
			);
			sourceTree = "<group>";
		};
		398274581C946C9D00DD19A0 /* Products */ = {
			isa = PBXGroup;
			children = (
				398274571C946C9D00DD19A0 /* My02_CustomizeUITableViewCell_Storyboard.app */,
			);
			name = Products;
			sourceTree = "<group>";
		};
		398274591C946C9E00DD19A0 /* My02_CustomizeUITableViewCell_Storyboard */ = {
			isa = PBXGroup;
			children = (
				3982745A1C946C9E00DD19A0 /* AppDelegate.swift */,
				3982745C1C946C9E00DD19A0 /* ViewController.swift */,
				3982746C1C946E6B00DD19A0 /* MyTableViewCell.swift */,
				3982745E1C946C9E00DD19A0 /* Main.storyboard */,
				398274611C946C9E00DD19A0 /* Assets.xcassets */,
				398274631C946C9E00DD19A0 /* LaunchScreen.storyboard */,
				398274661C946C9E00DD19A0 /* Info.plist */,
			);
			path = My02_CustomizeUITableViewCell_Storyboard;
			sourceTree = "<group>";
		};
/* End PBXGroup section */

/* Begin PBXNativeTarget section */
		398274561C946C9D00DD19A0 /* My02_CustomizeUITableViewCell_Storyboard */ = {
			isa = PBXNativeTarget;
			buildConfigurationList = 398274691C946C9E00DD19A0 /* Build configuration list for PBXNativeTarget "My02_CustomizeUITableViewCell_Storyboard" */;
			buildPhases = (
				398274531C946C9D00DD19A0 /* Sources */,
				398274541C946C9D00DD19A0 /* Frameworks */,
				398274551C946C9D00DD19A0 /* Resources */,
			);
			buildRules = (
			);
			dependencies = (
			);
			name = My02_CustomizeUITableViewCell_Storyboard;
			productName = My02_CustomizeUITableViewCell_Storyboard;
			productReference = 398274571C946C9D00DD19A0 /* My02_CustomizeUITableViewCell_Storyboard.app */;
			productType = "com.apple.product-type.application";
		};
/* End PBXNativeTarget section */

/* Begin PBXProject section */
		3982744F1C946C9D00DD19A0 /* Project object */ = {
			isa = PBXProject;
			attributes = {
				LastSwiftUpdateCheck = 0720;
				LastUpgradeCheck = 0720;
				ORGANIZATIONNAME = Griiid;
				TargetAttributes = {
					398274561C946C9D00DD19A0 = {
						CreatedOnToolsVersion = 7.2.1;
						DevelopmentTeam = B65XT2TU4Z;
					};
				};
			};
			buildConfigurationList = 398274521C946C9D00DD19A0 /* Build configuration list for PBXProject "My02_CustomizeUITableViewCell_Storyboard" */;
			compatibilityVersion = "Xcode 3.2";
			developmentRegion = English;
			hasScannedForEncodings = 0;
			knownRegions = (
				en,
				Base,
			);
			mainGroup = 3982744E1C946C9D00DD19A0;
			productRefGroup = 398274581C946C9D00DD19A0 /* Products */;
			projectDirPath = "";
			projectRoot = "";
			targets = (
				398274561C946C9D00DD19A0 /* My02_CustomizeUITableViewCell_Storyboard */,
			);
		};
/* End PBXProject section */

/* Begin PBXResourcesBuildPhase section */
		398274551C946C9D00DD19A0 /* Resources */ = {
			isa = PBXResourcesBuildPhase;
			buildActionMask = 2147483647;
			files = (
				398274651C946C9E00DD19A0 /* LaunchScreen.storyboard in Resources */,
				398274621C946C9E00DD19A0 /* Assets.xcassets in Resources */,
				398274601C946C9E00DD19A0 /* Main.storyboard in Resources */,
			);
			runOnlyForDeploymentPostprocessing = 0;
		};
/* End PBXResourcesBuildPhase section */

/* Begin PBXSourcesBuildPhase section */
		398274531C946C9D00DD19A0 /* Sources */ = {
			isa = PBXSourcesBuildPhase;
			buildActionMask = 2147483647;
			files = (
				3982745D1C946C9E00DD19A0 /* ViewController.swift in Sources */,
				3982745B1C946C9E00DD19A0 /* AppDelegate.swift in Sources */,
				3982746D1C946E6B00DD19A0 /* MyTableViewCell.swift in Sources */,
			);
			runOnlyForDeploymentPostprocessing = 0;
		};
/* End PBXSourcesBuildPhase section */

/* Begin PBXVariantGroup section */
		3982745E1C946C9E00DD19A0 /* Main.storyboard */ = {
			isa = PBXVariantGroup;
			children = (
				3982745F1C946C9E00DD19A0 /* Base */,
			);
			name = Main.storyboard;
			sourceTree = "<group>";
		};
		398274631C946C9E00DD19A0 /* LaunchScreen.storyboard */ = {
			isa = PBXVariantGroup;
			children = (
				398274641C946C9E00DD19A0 /* Base */,
			);
			name = LaunchScreen.storyboard;
			sourceTree = "<group>";
		};
/* End PBXVariantGroup section */

/* Begin XCBuildConfiguration section */
		398274671C946C9E00DD19A0 /* Debug */ = {
			isa = XCBuildConfiguration;
			buildSettings = {
				ALWAYS_SEARCH_USER_PATHS = NO;
				CLANG_CXX_LANGUAGE_STANDARD = "gnu++0x";
				CLANG_CXX_LIBRARY = "libc++";
				CLANG_ENABLE_MODULES = YES;
				CLANG_ENABLE_OBJC_ARC = YES;
				CLANG_WARN_BOOL_CONVERSION = YES;
				CLANG_WARN_CONSTANT_CONVERSION = YES;
				CLANG_WARN_DIRECT_OBJC_ISA_USAGE = YES_ERROR;
				CLANG_WARN_EMPTY_BODY = YES;
				CLANG_WARN_ENUM_CONVERSION = YES;
				CLANG_WARN_INT_CONVERSION = YES;
				CLANG_WARN_OBJC_ROOT_CLASS = YES_ERROR;
				CLANG_WARN_UNREACHABLE_CODE = YES;
				CLANG_WARN__DUPLICATE_METHOD_MATCH = YES;
				"CODE_SIGN_IDENTITY[sdk=iphoneos*]" = "iPhone Developer";
				COPY_PHASE_STRIP = NO;
				DEBUG_INFORMATION_FORMAT = dwarf;
				ENABLE_STRICT_OBJC_MSGSEND = YES;
				ENABLE_TESTABILITY = YES;
				GCC_C_LANGUAGE_STANDARD = gnu99;
				GCC_DYNAMIC_NO_PIC = NO;
				GCC_NO_COMMON_BLOCKS = YES;
				GCC_OPTIMIZATION_LEVEL = 0;
				GCC_PREPROCESSOR_DEFINITIONS = (
					"DEBUG=1",
					"$(inherited)",
				);
				GCC_WARN_64_TO_32_BIT_CONVERSION = YES;
				GCC_WARN_ABOUT_RETURN_TYPE = YES_ERROR;
				GCC_WARN_UNDECLARED_SELECTOR = YES;
				GCC_WARN_UNINITIALIZED_AUTOS = YES_AGGRESSIVE;
				GCC_WARN_UNUSED_FUNCTION = YES;
				GCC_WARN_UNUSED_VARIABLE = YES;
				IPHONEOS_DEPLOYMENT_TARGET = 9.2;
				MTL_ENABLE_DEBUG_INFO = YES;
				ONLY_ACTIVE_ARCH = YES;
				SDKROOT = iphoneos;
				SWIFT_OPTIMIZATION_LEVEL = "-Onone";
			};
			name = Debug;
		};
		398274681C946C9E00DD19A0 /* Release */ = {
			isa = XCBuildConfiguration;
			buildSettings = {
				ALWAYS_SEARCH_USER_PATHS = NO;
				CLANG_CXX_LANGUAGE_STANDARD = "gnu++0x";
				CLANG_CXX_LIBRARY = "libc++";
				CLANG_ENABLE_MODULES = YES;
				CLANG_ENABLE_OBJC_ARC = YES;
				CLANG_WARN_BOOL_CONVERSION = YES;
				CLANG_WARN_CONSTANT_CONVERSION = YES;
				CLANG_WARN_DIRECT_OBJC_ISA_USAGE = YES_ERROR;
				CLANG_WARN_EMPTY_BODY = YES;
				CLANG_WARN_ENUM_CONVERSION = YES;
				CLANG_WARN_INT_CONVERSION = YES;
				CLANG_WARN_OBJC_ROOT_CLASS = YES_ERROR;
				CLANG_WARN_UNREACHABLE_CODE = YES;
				CLANG_WARN__DUPLICATE_METHOD_MATCH = YES;
				"CODE_SIGN_IDENTITY[sdk=iphoneos*]" = "iPhone Developer";
				COPY_PHASE_STRIP = NO;
				DEBUG_INFORMATION_FORMAT = "dwarf-with-dsym";
				ENABLE_NS_ASSERTIONS = NO;
				ENABLE_STRICT_OBJC_MSGSEND = YES;
				GCC_C_LANGUAGE_STANDARD = gnu99;
				GCC_NO_COMMON_BLOCKS = YES;
				GCC_WARN_64_TO_32_BIT_CONVERSION = YES;
				GCC_WARN_ABOUT_RETURN_TYPE = YES_ERROR;
				GCC_WARN_UNDECLARED_SELECTOR = YES;
				GCC_WARN_UNINITIALIZED_AUTOS = YES_AGGRESSIVE;
				GCC_WARN_UNUSED_FUNCTION = YES;
				GCC_WARN_UNUSED_VARIABLE = YES;
				IPHONEOS_DEPLOYMENT_TARGET = 9.2;
				MTL_ENABLE_DEBUG_INFO = NO;
				SDKROOT = iphoneos;
				VALIDATE_PRODUCT = YES;
			};
			name = Release;
		};
		3982746A1C946C9E00DD19A0 /* Debug */ = {
			isa = XCBuildConfiguration;
			buildSettings = {
				ASSETCATALOG_COMPILER_APPICON_NAME = AppIcon;
				INFOPLIST_FILE = My02_CustomizeUITableViewCell_Storyboard/Info.plist;
				LD_RUNPATH_SEARCH_PATHS = "$(inherited) @executable_path/Frameworks";
				PRODUCT_BUNDLE_IDENTIFIER = "Griiid.My02-CustomizeUITableViewCell-Storyboard";
				PRODUCT_NAME = "$(TARGET_NAME)";
			};
			name = Debug;
		};
		3982746B1C946C9E00DD19A0 /* Release */ = {
			isa = XCBuildConfiguration;
			buildSettings = {
				ASSETCATALOG_COMPILER_APPICON_NAME = AppIcon;
				INFOPLIST_FILE = My02_CustomizeUITableViewCell_Storyboard/Info.plist;
				LD_RUNPATH_SEARCH_PATHS = "$(inherited) @executable_path/Frameworks";
				PRODUCT_BUNDLE_IDENTIFIER = "Griiid.My02-CustomizeUITableViewCell-Storyboard";
				PRODUCT_NAME = "$(TARGET_NAME)";
			};
			name = Release;
		};
/* End XCBuildConfiguration section */

/* Begin XCConfigurationList section */
		398274521C946C9D00DD19A0 /* Build configuration list for PBXProject "My02_CustomizeUITableViewCell_Storyboard" */ = {
			isa = XCConfigurationList;
			buildConfigurations = (
				398274671C946C9E00DD19A0 /* Debug */,
				398274681C946C9E00DD19A0 /* Release */,
			);
			defaultConfigurationIsVisible = 0;
			defaultConfigurationName = Release;
		};
		398274691C946C9E00DD19A0 /* Build configuration list for PBXNativeTarget "My02_CustomizeUITableViewCell_Storyboard" */ = {
			isa = XCConfigurationList;
			buildConfigurations = (
				3982746A1C946C9E00DD19A0 /* Debug */,
				3982746B1C946C9E00DD19A0 /* Release */,
			);
			defaultConfigurationIsVisible = 0;
		};
/* End XCConfigurationList section */
	};
	rootObject = 3982744F1C946C9D00DD19A0 /* Project object */;
}
